
Microsoft Visual Studio Solution File, Format Version 12.00
# Visual Studio Version 17
VisualStudioVersion = 17.7.34221.43
MinimumVisualStudioVersion = 10.0.40219.1
Project("{9A19103F-16F7-4668-BE54-9A1E7A4F7556}") = "RHStaging", "RHStaging\RHStaging.csproj", "{C62F77AF-EA90-49A6-97C8-970E573B7F64}"
EndProject
Global
	GlobalSection(SolutionConfigurationPlatforms) = preSolution
		Debug|Any CPU = Debug|Any CPU
		Release|Any CPU = Release|Any CPU
	EndGlobalSection
	GlobalSection(ProjectConfigurationPlatforms) = postSolution
		{C62F77AF-EA90-49A6-97C8-970E573B7F64}.Debug|Any CPU.ActiveCfg = Debug|Any CPU
		{C62F77AF-EA90-49A6-97C8-970E573B7F64}.Debug|Any CPU.Build.0 = Debug|Any CPU
		{C62F77AF-EA90-49A6-97C8-970E573B7F64}.Release|Any CPU.ActiveCfg = Release|Any CPU
		{C62F77AF-EA90-49A6-97C8-970E573B7F64}.Release|Any CPU.Build.0 = Release|Any CPU
	EndGlobalSection
	GlobalSection(SolutionProperties) = preSolution
		HideSolutionNode = FALSE
	EndGlobalSection
	GlobalSection(ExtensibilityGlobals) = postSolution
		SolutionGuid = {6B1E010E-D91D-480A-9250-DC56C19500A9}
	EndGlobalSection
EndGlobal
